
Microsoft Visual Studio Solution File, Format Version 12.00
# Visual Studio Version 17
VisualStudioVersion = 17.14.36127.28
MinimumVisualStudioVersion = 10.0.40219.1
Project("{FAE04EC0-301F-11D3-BF4B-00C04F79EFBC}") = "CRUD", "CRUD\CRUD.csproj", "{79D434B1-3D70-480A-B621-3CB3851E821F}"
EndProject
Project("{FAE04EC0-301F-11D3-BF4B-00C04F79EFBC}") = "BLL", "BLL\BLL.csproj", "{B0751379-C7BD-463F-B834-AC54A622D23A}"
EndProject
Global
	GlobalSection(SolutionConfigurationPlatforms) = preSolution
		Debug|Any CPU = Debug|Any CPU
		Release|Any CPU = Release|Any CPU
	EndGlobalSection
	GlobalSection(ProjectConfigurationPlatforms) = postSolution
		{79D434B1-3D70-480A-B621-3CB3851E821F}.Debug|Any CPU.ActiveCfg = Debug|Any CPU
		{79D434B1-3D70-480A-B621-3CB3851E821F}.Debug|Any CPU.Build.0 = Debug|Any CPU
		{79D434B1-3D70-480A-B621-3CB3851E821F}.Release|Any CPU.ActiveCfg = Release|Any CPU
		{79D434B1-3D70-480A-B621-3CB3851E821F}.Release|Any CPU.Build.0 = Release|Any CPU
		{B0751379-C7BD-463F-B834-AC54A622D23A}.Debug|Any CPU.ActiveCfg = Debug|Any CPU
		{B0751379-C7BD-463F-B834-AC54A622D23A}.Debug|Any CPU.Build.0 = Debug|Any CPU
		{B0751379-C7BD-463F-B834-AC54A622D23A}.Release|Any CPU.ActiveCfg = Release|Any CPU
		{B0751379-C7BD-463F-B834-AC54A622D23A}.Release|Any CPU.Build.0 = Release|Any CPU
	EndGlobalSection
	GlobalSection(SolutionProperties) = preSolution
		HideSolutionNode = FALSE
	EndGlobalSection
	GlobalSection(ExtensibilityGlobals) = postSolution
		SolutionGuid = {623FC0ED-DA00-48B1-BF3D-D8194D609E65}
	EndGlobalSection
EndGlobal
